
Microsoft Visual Studio Solution File, Format Version 12.00
# Visual Studio 2013
VisualStudioVersion = 12.0.30110.0
MinimumVisualStudioVersion = 10.0.40219.1
Project("{FAE04EC0-301F-11D3-BF4B-00C04F79EFBC}") = "WrgConfigService", "WrgConfigService\WrgConfigService.csproj", "{C7D8C843-F75B-4957-B2C6-3A99A1CBF881}"
EndProject
Project("{FAE04EC0-301F-11D3-BF4B-00C04F79EFBC}") = "WrgServiceHost", "WrgServiceHost\WrgServiceHost.csproj", "{BA43DB55-658A-42C6-8A5B-813C6C4388F1}"
EndProject
Project("{FAE04EC0-301F-11D3-BF4B-00C04F79EFBC}") = "Shared", "Shared\Shared.csproj", "{DC597A9E-2D5C-43F5-BC29-910587755538}"
EndProject
Project("{2150E333-8FDC-42A3-9474-1A3956D46DE8}") = "Extensions", "Extensions", "{58BAA451-F1DF-4AAD-B23F-6A5263505811}"
EndProject
Project("{FAE04EC0-301F-11D3-BF4B-00C04F79EFBC}") = "MtagData", "MtagData\MtagData.csproj", "{10D1783C-BD5D-4A5F-9BAA-245937EB0D72}"
EndProject
Project("{FAE04EC0-301F-11D3-BF4B-00C04F79EFBC}") = "WaveRadio", "WaveRadio\WaveRadio.csproj", "{C7FF0D9A-4B7B-45F2-9A91-71C1C9BAAC7D}"
EndProject
Project("{FAE04EC0-301F-11D3-BF4B-00C04F79EFBC}") = "MtagWaveRadioPluginConfigDataFeeder", "MtagWaveRadioPluginConfigDataFeeder\MtagWaveRadioPluginConfigDataFeeder.csproj", "{4838106E-03BB-44E8-B68D-9613A127B310}"
EndProject
Project("{FAE04EC0-301F-11D3-BF4B-00C04F79EFBC}") = "ConnectPlusRadio", "ConnectPlusRadio\ConnectPlusRadio.csproj", "{7358A392-DBE2-49C0-ADC7-4576F13E993B}"
EndProject
Project("{FAE04EC0-301F-11D3-BF4B-00C04F79EFBC}") = "MtagConnectPlusRadioPluginConfigDataFeeder", "MtagConnectPlusRadioPluginConfigDataFeeder\MtagConnectPlusRadioPluginConfigDataFeeder.csproj", "{C93A719F-6E29-4651-8449-F9256C040D1E}"
EndProject
Project("{FAE04EC0-301F-11D3-BF4B-00C04F79EFBC}") = "EnterpriseData", "EnterpriseData\EnterpriseData.csproj", "{80EFFB89-1E8F-4ADD-8F4B-69C9BFDF1744}"
EndProject
Project("{FAE04EC0-301F-11D3-BF4B-00C04F79EFBC}") = "EnterpriseWaveRadioPluginConfigDataFeeder", "EnterpriseWaveRadioPluginConfigDataFeeder\EnterpriseWaveRadioPluginConfigDataFeeder.csproj", "{D1BC75EC-7F33-40A9-8F5D-C817B7F11083}"
EndProject
Project("{FAE04EC0-301F-11D3-BF4B-00C04F79EFBC}") = "EnterpriseConnectPlusRadioPluginConfigDataFeeder", "EnterpriseConnectPlusRadioPluginConfigDataFeeder\EnterpriseConnectPlusRadioPluginConfigDataFeeder.csproj", "{B11A0FEE-A9CB-4BC9-8952-84DA6674BFE6}"
EndProject
Project("{2150E333-8FDC-42A3-9474-1A3956D46DE8}") = "Common", "Common", "{C266510B-9AAD-414B-8900-1B6F0F3C1196}"
EndProject
Project("{2150E333-8FDC-42A3-9474-1A3956D46DE8}") = "MTAGDataSource", "MTAGDataSource", "{89C509D8-FFEE-458D-AD32-33168C9C8132}"
EndProject
Project("{2150E333-8FDC-42A3-9474-1A3956D46DE8}") = "EnterpriseDataSource", "EnterpriseDataSource", "{199A6359-ADFE-4A42-B245-D58BB9D713C6}"
EndProject
Global
	GlobalSection(SolutionConfigurationPlatforms) = preSolution
		Debug|Any CPU = Debug|Any CPU
		Release|Any CPU = Release|Any CPU
	EndGlobalSection
	GlobalSection(ProjectConfigurationPlatforms) = postSolution
		{C7D8C843-F75B-4957-B2C6-3A99A1CBF881}.Debug|Any CPU.ActiveCfg = Debug|Any CPU
		{C7D8C843-F75B-4957-B2C6-3A99A1CBF881}.Debug|Any CPU.Build.0 = Debug|Any CPU
		{C7D8C843-F75B-4957-B2C6-3A99A1CBF881}.Release|Any CPU.ActiveCfg = Release|Any CPU
		{C7D8C843-F75B-4957-B2C6-3A99A1CBF881}.Release|Any CPU.Build.0 = Release|Any CPU
		{BA43DB55-658A-42C6-8A5B-813C6C4388F1}.Debug|Any CPU.ActiveCfg = Debug|Any CPU
		{BA43DB55-658A-42C6-8A5B-813C6C4388F1}.Debug|Any CPU.Build.0 = Debug|Any CPU
		{BA43DB55-658A-42C6-8A5B-813C6C4388F1}.Release|Any CPU.ActiveCfg = Release|Any CPU
		{BA43DB55-658A-42C6-8A5B-813C6C4388F1}.Release|Any CPU.Build.0 = Release|Any CPU
		{DC597A9E-2D5C-43F5-BC29-910587755538}.Debug|Any CPU.ActiveCfg = Debug|Any CPU
		{DC597A9E-2D5C-43F5-BC29-910587755538}.Debug|Any CPU.Build.0 = Debug|Any CPU
		{DC597A9E-2D5C-43F5-BC29-910587755538}.Release|Any CPU.ActiveCfg = Release|Any CPU
		{DC597A9E-2D5C-43F5-BC29-910587755538}.Release|Any CPU.Build.0 = Release|Any CPU
		{10D1783C-BD5D-4A5F-9BAA-245937EB0D72}.Debug|Any CPU.ActiveCfg = Debug|Any CPU
		{10D1783C-BD5D-4A5F-9BAA-245937EB0D72}.Debug|Any CPU.Build.0 = Debug|Any CPU
		{10D1783C-BD5D-4A5F-9BAA-245937EB0D72}.Release|Any CPU.ActiveCfg = Release|Any CPU
		{10D1783C-BD5D-4A5F-9BAA-245937EB0D72}.Release|Any CPU.Build.0 = Release|Any CPU
		{C7FF0D9A-4B7B-45F2-9A91-71C1C9BAAC7D}.Debug|Any CPU.ActiveCfg = Debug|Any CPU
		{C7FF0D9A-4B7B-45F2-9A91-71C1C9BAAC7D}.Debug|Any CPU.Build.0 = Debug|Any CPU
		{C7FF0D9A-4B7B-45F2-9A91-71C1C9BAAC7D}.Release|Any CPU.ActiveCfg = Release|Any CPU
		{C7FF0D9A-4B7B-45F2-9A91-71C1C9BAAC7D}.Release|Any CPU.Build.0 = Release|Any CPU
		{4838106E-03BB-44E8-B68D-9613A127B310}.Debug|Any CPU.ActiveCfg = Debug|Any CPU
		{4838106E-03BB-44E8-B68D-9613A127B310}.Debug|Any CPU.Build.0 = Debug|Any CPU
		{4838106E-03BB-44E8-B68D-9613A127B310}.Release|Any CPU.ActiveCfg = Release|Any CPU
		{4838106E-03BB-44E8-B68D-9613A127B310}.Release|Any CPU.Build.0 = Release|Any CPU
		{7358A392-DBE2-49C0-ADC7-4576F13E993B}.Debug|Any CPU.ActiveCfg = Debug|Any CPU
		{7358A392-DBE2-49C0-ADC7-4576F13E993B}.Debug|Any CPU.Build.0 = Debug|Any CPU
		{7358A392-DBE2-49C0-ADC7-4576F13E993B}.Release|Any CPU.ActiveCfg = Release|Any CPU
		{7358A392-DBE2-49C0-ADC7-4576F13E993B}.Release|Any CPU.Build.0 = Release|Any CPU
		{C93A719F-6E29-4651-8449-F9256C040D1E}.Debug|Any CPU.ActiveCfg = Debug|Any CPU
		{C93A719F-6E29-4651-8449-F9256C040D1E}.Debug|Any CPU.Build.0 = Debug|Any CPU
		{C93A719F-6E29-4651-8449-F9256C040D1E}.Release|Any CPU.ActiveCfg = Release|Any CPU
		{C93A719F-6E29-4651-8449-F9256C040D1E}.Release|Any CPU.Build.0 = Release|Any CPU
		{80EFFB89-1E8F-4ADD-8F4B-69C9BFDF1744}.Debug|Any CPU.ActiveCfg = Debug|Any CPU
		{80EFFB89-1E8F-4ADD-8F4B-69C9BFDF1744}.Debug|Any CPU.Build.0 = Debug|Any CPU
		{80EFFB89-1E8F-4ADD-8F4B-69C9BFDF1744}.Release|Any CPU.ActiveCfg = Release|Any CPU
		{80EFFB89-1E8F-4ADD-8F4B-69C9BFDF1744}.Release|Any CPU.Build.0 = Release|Any CPU
		{D1BC75EC-7F33-40A9-8F5D-C817B7F11083}.Debug|Any CPU.ActiveCfg = Debug|Any CPU
		{D1BC75EC-7F33-40A9-8F5D-C817B7F11083}.Debug|Any CPU.Build.0 = Debug|Any CPU
		{D1BC75EC-7F33-40A9-8F5D-C817B7F11083}.Release|Any CPU.ActiveCfg = Release|Any CPU
		{D1BC75EC-7F33-40A9-8F5D-C817B7F11083}.Release|Any CPU.Build.0 = Release|Any CPU
		{B11A0FEE-A9CB-4BC9-8952-84DA6674BFE6}.Debug|Any CPU.ActiveCfg = Debug|Any CPU
		{B11A0FEE-A9CB-4BC9-8952-84DA6674BFE6}.Debug|Any CPU.Build.0 = Debug|Any CPU
		{B11A0FEE-A9CB-4BC9-8952-84DA6674BFE6}.Release|Any CPU.ActiveCfg = Release|Any CPU
		{B11A0FEE-A9CB-4BC9-8952-84DA6674BFE6}.Release|Any CPU.Build.0 = Release|Any CPU
	EndGlobalSection
	GlobalSection(SolutionProperties) = preSolution
		HideSolutionNode = FALSE
	EndGlobalSection
	GlobalSection(NestedProjects) = preSolution
		{C266510B-9AAD-414B-8900-1B6F0F3C1196} = {58BAA451-F1DF-4AAD-B23F-6A5263505811}
		{89C509D8-FFEE-458D-AD32-33168C9C8132} = {58BAA451-F1DF-4AAD-B23F-6A5263505811}
		{199A6359-ADFE-4A42-B245-D58BB9D713C6} = {58BAA451-F1DF-4AAD-B23F-6A5263505811}
		{7358A392-DBE2-49C0-ADC7-4576F13E993B} = {C266510B-9AAD-414B-8900-1B6F0F3C1196}
		{C7FF0D9A-4B7B-45F2-9A91-71C1C9BAAC7D} = {C266510B-9AAD-414B-8900-1B6F0F3C1196}
		{10D1783C-BD5D-4A5F-9BAA-245937EB0D72} = {89C509D8-FFEE-458D-AD32-33168C9C8132}
		{4838106E-03BB-44E8-B68D-9613A127B310} = {89C509D8-FFEE-458D-AD32-33168C9C8132}
		{C93A719F-6E29-4651-8449-F9256C040D1E} = {89C509D8-FFEE-458D-AD32-33168C9C8132}
		{B11A0FEE-A9CB-4BC9-8952-84DA6674BFE6} = {199A6359-ADFE-4A42-B245-D58BB9D713C6}
		{80EFFB89-1E8F-4ADD-8F4B-69C9BFDF1744} = {199A6359-ADFE-4A42-B245-D58BB9D713C6}
		{D1BC75EC-7F33-40A9-8F5D-C817B7F11083} = {199A6359-ADFE-4A42-B245-D58BB9D713C6}
	EndGlobalSection
EndGlobal
